// !$*UTF8*$!
{
	archiveVersion = 1;
	classes = {
	};
	objectVersion = 46;
	objects = {

/* Begin PBXBuildFile section */
		94B01B6B1F2A9FEB0078E3B0 /* AppDelegate.swift in Sources */ = {isa = PBXBuildFile; fileRef = 94B01B6A1F2A9FEB0078E3B0 /* AppDelegate.swift */; };
		94B01B6D1F2A9FEB0078E3B0 /* ViewController.swift in Sources */ = {isa = PBXBuildFile; fileRef = 94B01B6C1F2A9FEB0078E3B0 /* ViewController.swift */; };
		94B01B701F2A9FEC0078E3B0 /* Main.storyboard in Resources */ = {isa = PBXBuildFile; fileRef = 94B01B6E1F2A9FEC0078E3B0 /* Main.storyboard */; };
		94B01B721F2A9FEC0078E3B0 /* Assets.xcassets in Resources */ = {isa = PBXBuildFile; fileRef = 94B01B711F2A9FEC0078E3B0 /* Assets.xcassets */; };
		94B01B751F2A9FEC0078E3B0 /* LaunchScreen.storyboard in Resources */ = {isa = PBXBuildFile; fileRef = 94B01B731F2A9FEC0078E3B0 /* LaunchScreen.storyboard */; };
/* End PBXBuildFile section */

/* Begin PBXFileReference section */
		94B01B671F2A9FEB0078E3B0 /* Project31.app */ = {isa = PBXFileReference; explicitFileType = wrapper.application; includeInIndex = 0; path = Project31.app; sourceTree = BUILT_PRODUCTS_DIR; };
		94B01B6A1F2A9FEB0078E3B0 /* AppDelegate.swift */ = {isa = PBXFileReference; lastKnownFileType = sourcecode.swift; path = AppDelegate.swift; sourceTree = "<group>"; };
		94B01B6C1F2A9FEB0078E3B0 /* ViewController.swift */ = {isa = PBXFileReference; lastKnownFileType = sourcecode.swift; path = ViewController.swift; sourceTree = "<group>"; };
		94B01B6F1F2A9FEC0078E3B0 /* Base */ = {isa = PBXFileReference; lastKnownFileType = file.storyboard; name = Base; path = Base.lproj/Main.storyboard; sourceTree = "<group>"; };
		94B01B711F2A9FEC0078E3B0 /* Assets.xcassets */ = {isa = PBXFileReference; lastKnownFileType = folder.assetcatalog; path = Assets.xcassets; sourceTree = "<group>"; };
		94B01B741F2A9FEC0078E3B0 /* Base */ = {isa = PBXFileReference; lastKnownFileType = file.storyboard; name = Base; path = Base.lproj/LaunchScreen.storyboard; sourceTree = "<group>"; };
		94B01B761F2A9FEC0078E3B0 /* Info.plist */ = {isa = PBXFileReference; lastKnownFileType = text.plist.xml; path = Info.plist; sourceTree = "<group>"; };
/* End PBXFileReference section */

/* Begin PBXFrameworksBuildPhase section */
		94B01B641F2A9FEB0078E3B0 /* Frameworks */ = {
			isa = PBXFrameworksBuildPhase;
			buildActionMask = 2147483647;
			files = (
			);
			runOnlyForDeploymentPostprocessing = 0;
		};
/* End PBXFrameworksBuildPhase section */

/* Begin PBXGroup section */
		94B01B5E1F2A9FEB0078E3B0 = {
			isa = PBXGroup;
			children = (
				94B01B691F2A9FEB0078E3B0 /* Project31 */,
				94B01B681F2A9FEB0078E3B0 /* Products */,
			);
			sourceTree = "<group>";
		};
		94B01B681F2A9FEB0078E3B0 /* Products */ = {
			isa = PBXGroup;
			children = (
				94B01B671F2A9FEB0078E3B0 /* Project31.app */,
			);
			name = Products;
			sourceTree = "<group>";
		};
		94B01B691F2A9FEB0078E3B0 /* Project31 */ = {
			isa = PBXGroup;
			children = (
				94B01B6A1F2A9FEB0078E3B0 /* AppDelegate.swift */,
				94B01B6C1F2A9FEB0078E3B0 /* ViewController.swift */,
				94B01B6E1F2A9FEC0078E3B0 /* Main.storyboard */,
				94B01B711F2A9FEC0078E3B0 /* Assets.xcassets */,
				94B01B731F2A9FEC0078E3B0 /* LaunchScreen.storyboard */,
				94B01B761F2A9FEC0078E3B0 /* Info.plist */,
			);
			path = Project31;
			sourceTree = "<group>";
		};
/* End PBXGroup section */

/* Begin PBXNativeTarget section */
		94B01B661F2A9FEB0078E3B0 /* Project31 */ = {
			isa = PBXNativeTarget;
			buildConfigurationList = 94B01B791F2A9FEC0078E3B0 /* Build configuration list for PBXNativeTarget "Project31" */;
			buildPhases = (
				94B01B631F2A9FEB0078E3B0 /* Sources */,
				94B01B641F2A9FEB0078E3B0 /* Frameworks */,
				94B01B651F2A9FEB0078E3B0 /* Resources */,
			);
			buildRules = (
			);
			dependencies = (
			);
			name = Project31;
			productName = Project31;
			productReference = 94B01B671F2A9FEB0078E3B0 /* Project31.app */;
			productType = "com.apple.product-type.application";
		};
/* End PBXNativeTarget section */

/* Begin PBXProject section */
		94B01B5F1F2A9FEB0078E3B0 /* Project object */ = {
			isa = PBXProject;
			attributes = {
				LastSwiftUpdateCheck = 0830;
				LastUpgradeCheck = 0830;
				ORGANIZATIONNAME = "James Slusser";
				TargetAttributes = {
					94B01B661F2A9FEB0078E3B0 = {
						CreatedOnToolsVersion = 8.3.3;
						DevelopmentTeam = K373EY5YU9;
						ProvisioningStyle = Automatic;
					};
				};
			};
			buildConfigurationList = 94B01B621F2A9FEB0078E3B0 /* Build configuration list for PBXProject "Project31" */;
			compatibilityVersion = "Xcode 3.2";
			developmentRegion = English;
			hasScannedForEncodings = 0;
			knownRegions = (
				en,
				Base,
			);
			mainGroup = 94B01B5E1F2A9FEB0078E3B0;
			productRefGroup = 94B01B681F2A9FEB0078E3B0 /* Products */;
			projectDirPath = "";
			projectRoot = "";
			targets = (
				94B01B661F2A9FEB0078E3B0 /* Project31 */,
			);
		};
/* End PBXProject section */

/* Begin PBXResourcesBuildPhase section */
		94B01B651F2A9FEB0078E3B0 /* Resources */ = {
			isa = PBXResourcesBuildPhase;
			buildActionMask = 2147483647;
			files = (
				94B01B751F2A9FEC0078E3B0 /* LaunchScreen.storyboard in Resources */,
				94B01B721F2A9FEC0078E3B0 /* Assets.xcassets in Resources */,
				94B01B701F2A9FEC0078E3B0 /* Main.storyboard in Resources */,
			);
			runOnlyForDeploymentPostprocessing = 0;
		};
/* End PBXResourcesBuildPhase section */

/* Begin PBXSourcesBuildPhase section */
		94B01B631F2A9FEB0078E3B0 /* Sources */ = {
			isa = PBXSourcesBuildPhase;
			buildActionMask = 2147483647;
			files = (
				94B01B6D1F2A9FEB0078E3B0 /* ViewController.swift in Sources */,
				94B01B6B1F2A9FEB0078E3B0 /* AppDelegate.swift in Sources */,
			);
			runOnlyForDeploymentPostprocessing = 0;
		};
/* End PBXSourcesBuildPhase section */

/* Begin PBXVariantGroup section */
		94B01B6E1F2A9FEC0078E3B0 /* Main.storyboard */ = {
			isa = PBXVariantGroup;
			children = (
				94B01B6F1F2A9FEC0078E3B0 /* Base */,
			);
			name = Main.storyboard;
			sourceTree = "<group>";
		};
		94B01B731F2A9FEC0078E3B0 /* LaunchScreen.storyboard */ = {
			isa = PBXVariantGroup;
			children = (
				94B01B741F2A9FEC0078E3B0 /* Base */,
			);
			name = LaunchScreen.storyboard;
			sourceTree = "<group>";
		};
/* End PBXVariantGroup section */

/* Begin XCBuildConfiguration section */
		94B01B771F2A9FEC0078E3B0 /* Debug */ = {
			isa = XCBuildConfiguration;
			buildSettings = {
				ALWAYS_SEARCH_USER_PATHS = NO;
				CLANG_ANALYZER_NONNULL = YES;
				CLANG_ANALYZER_NUMBER_OBJECT_CONVERSION = YES_AGGRESSIVE;
				CLANG_CXX_LANGUAGE_STANDARD = "gnu++0x";
				CLANG_CXX_LIBRARY = "libc++";
				CLANG_ENABLE_MODULES = YES;
				CLANG_ENABLE_OBJC_ARC = YES;
				CLANG_WARN_BOOL_CONVERSION = YES;
				CLANG_WARN_CONSTANT_CONVERSION = YES;
				CLANG_WARN_DIRECT_OBJC_ISA_USAGE = YES_ERROR;
				CLANG_WARN_DOCUMENTATION_COMMENTS = YES;
				CLANG_WARN_EMPTY_BODY = YES;
				CLANG_WARN_ENUM_CONVERSION = YES;
				CLANG_WARN_INFINITE_RECURSION = YES;
				CLANG_WARN_INT_CONVERSION = YES;
				CLANG_WARN_OBJC_ROOT_CLASS = YES_ERROR;
				CLANG_WARN_SUSPICIOUS_MOVE = YES;
				CLANG_WARN_UNREACHABLE_CODE = YES;
				CLANG_WARN__DUPLICATE_METHOD_MATCH = YES;
				"CODE_SIGN_IDENTITY[sdk=iphoneos*]" = "iPhone Developer";
				COPY_PHASE_STRIP = NO;
				DEBUG_INFORMATION_FORMAT = dwarf;
				ENABLE_STRICT_OBJC_MSGSEND = YES;
				ENABLE_TESTABILITY = YES;
				GCC_C_LANGUAGE_STANDARD = gnu99;
				GCC_DYNAMIC_NO_PIC = NO;
				GCC_NO_COMMON_BLOCKS = YES;
				GCC_OPTIMIZATION_LEVEL = 0;
				GCC_PREPROCESSOR_DEFINITIONS = (
					"DEBUG=1",
					"$(inherited)",
				);
				GCC_WARN_64_TO_32_BIT_CONVERSION = YES;
				GCC_WARN_ABOUT_RETURN_TYPE = YES_ERROR;
				GCC_WARN_UNDECLARED_SELECTOR = YES;
				GCC_WARN_UNINITIALIZED_AUTOS = YES_AGGRESSIVE;
				GCC_WARN_UNUSED_FUNCTION = YES;
				GCC_WARN_UNUSED_VARIABLE = YES;
				IPHONEOS_DEPLOYMENT_TARGET = 10.3;
				MTL_ENABLE_DEBUG_INFO = YES;
				ONLY_ACTIVE_ARCH = YES;
				SDKROOT = iphoneos;
				SWIFT_ACTIVE_COMPILATION_CONDITIONS = DEBUG;
				SWIFT_OPTIMIZATION_LEVEL = "-Onone";
				TARGETED_DEVICE_FAMILY = 2;
			};
			name = Debug;
		};
		94B01B781F2A9FEC0078E3B0 /* Release */ = {
			isa = XCBuildConfiguration;
			buildSettings = {
				ALWAYS_SEARCH_USER_PATHS = NO;
				CLANG_ANALYZER_NONNULL = YES;
				CLANG_ANALYZER_NUMBER_OBJECT_CONVERSION = YES_AGGRESSIVE;
				CLANG_CXX_LANGUAGE_STANDARD = "gnu++0x";
				CLANG_CXX_LIBRARY = "libc++";
				CLANG_ENABLE_MODULES = YES;
				CLANG_ENABLE_OBJC_ARC = YES;
				CLANG_WARN_BOOL_CONVERSION = YES;
				CLANG_WARN_CONSTANT_CONVERSION = YES;
				CLANG_WARN_DIRECT_OBJC_ISA_USAGE = YES_ERROR;
				CLANG_WARN_DOCUMENTATION_COMMENTS = YES;
				CLANG_WARN_EMPTY_BODY = YES;
				CLANG_WARN_ENUM_CONVERSION = YES;
				CLANG_WARN_INFINITE_RECURSION = YES;
				CLANG_WARN_INT_CONVERSION = YES;
				CLANG_WARN_OBJC_ROOT_CLASS = YES_ERROR;
				CLANG_WARN_SUSPICIOUS_MOVE = YES;
				CLANG_WARN_UNREACHABLE_CODE = YES;
				CLANG_WARN__DUPLICATE_METHOD_MATCH = YES;
				"CODE_SIGN_IDENTITY[sdk=iphoneos*]" = "iPhone Developer";
				COPY_PHASE_STRIP = NO;
				DEBUG_INFORMATION_FORMAT = "dwarf-with-dsym";
				ENABLE_NS_ASSERTIONS = NO;
				ENABLE_STRICT_OBJC_MSGSEND = YES;
				GCC_C_LANGUAGE_STANDARD = gnu99;
				GCC_NO_COMMON_BLOCKS = YES;
				GCC_WARN_64_TO_32_BIT_CONVERSION = YES;
				GCC_WARN_ABOUT_RETURN_TYPE = YES_ERROR;
				GCC_WARN_UNDECLARED_SELECTOR = YES;
				GCC_WARN_UNINITIALIZED_AUTOS = YES_AGGRESSIVE;
				GCC_WARN_UNUSED_FUNCTION = YES;
				GCC_WARN_UNUSED_VARIABLE = YES;
				IPHONEOS_DEPLOYMENT_TARGET = 10.3;
				MTL_ENABLE_DEBUG_INFO = NO;
				SDKROOT = iphoneos;
				SWIFT_OPTIMIZATION_LEVEL = "-Owholemodule";
				TARGETED_DEVICE_FAMILY = 2;
				VALIDATE_PRODUCT = YES;
			};
			name = Release;
		};
		94B01B7A1F2A9FEC0078E3B0 /* Debug */ = {
			isa = XCBuildConfiguration;
			buildSettings = {
				ASSETCATALOG_COMPILER_APPICON_NAME = AppIcon;
				DEVELOPMENT_TEAM = K373EY5YU9;
				INFOPLIST_FILE = Project31/Info.plist;
				LD_RUNPATH_SEARCH_PATHS = "$(inherited) @executable_path/Frameworks";
				PRODUCT_BUNDLE_IDENTIFIER = co.kurkuma.Project31;
				PRODUCT_NAME = "$(TARGET_NAME)";
				SWIFT_VERSION = 3.0;
			};
			name = Debug;
		};
		94B01B7B1F2A9FEC0078E3B0 /* Release */ = {
			isa = XCBuildConfiguration;
			buildSettings = {
				ASSETCATALOG_COMPILER_APPICON_NAME = AppIcon;
				DEVELOPMENT_TEAM = K373EY5YU9;
				INFOPLIST_FILE = Project31/Info.plist;
				LD_RUNPATH_SEARCH_PATHS = "$(inherited) @executable_path/Frameworks";
				PRODUCT_BUNDLE_IDENTIFIER = co.kurkuma.Project31;
				PRODUCT_NAME = "$(TARGET_NAME)";
				SWIFT_VERSION = 3.0;
			};
			name = Release;
		};
/* End XCBuildConfiguration section */

/* Begin XCConfigurationList section */
		94B01B621F2A9FEB0078E3B0 /* Build configuration list for PBXProject "Project31" */ = {
			isa = XCConfigurationList;
			buildConfigurations = (
				94B01B771F2A9FEC0078E3B0 /* Debug */,
				94B01B781F2A9FEC0078E3B0 /* Release */,
			);
			defaultConfigurationIsVisible = 0;
			defaultConfigurationName = Release;
		};
		94B01B791F2A9FEC0078E3B0 /* Build configuration list for PBXNativeTarget "Project31" */ = {
			isa = XCConfigurationList;
			buildConfigurations = (
				94B01B7A1F2A9FEC0078E3B0 /* Debug */,
				94B01B7B1F2A9FEC0078E3B0 /* Release */,
			);
			defaultConfigurationIsVisible = 0;
		};
/* End XCConfigurationList section */
	};
	rootObject = 94B01B5F1F2A9FEB0078E3B0 /* Project object */;
}
